
Microsoft Visual Studio Solution File, Format Version 12.00
# Visual Studio Version 17
VisualStudioVersion = 17.7.34024.191
MinimumVisualStudioVersion = 10.0.40219.1
Project("{9A19103F-16F7-4668-BE54-9A1E7A4F7556}") = "VokabelTrainer", "VokabelTrainer\VokabelTrainer.csproj", "{47D0D958-A84B-4B96-AA5B-DB13183FAF8E}"
EndProject
Global
	GlobalSection(SolutionConfigurationPlatforms) = preSolution
		Debug|Any CPU = Debug|Any CPU
		Release|Any CPU = Release|Any CPU
	EndGlobalSection
	GlobalSection(ProjectConfigurationPlatforms) = postSolution
		{47D0D958-A84B-4B96-AA5B-DB13183FAF8E}.Debug|Any CPU.ActiveCfg = Debug|Any CPU
		{47D0D958-A84B-4B96-AA5B-DB13183FAF8E}.Debug|Any CPU.Build.0 = Debug|Any CPU
		{47D0D958-A84B-4B96-AA5B-DB13183FAF8E}.Debug|Any CPU.Deploy.0 = Debug|Any CPU
		{47D0D958-A84B-4B96-AA5B-DB13183FAF8E}.Release|Any CPU.ActiveCfg = Release|Any CPU
		{47D0D958-A84B-4B96-AA5B-DB13183FAF8E}.Release|Any CPU.Build.0 = Release|Any CPU
		{47D0D958-A84B-4B96-AA5B-DB13183FAF8E}.Release|Any CPU.Deploy.0 = Release|Any CPU
	EndGlobalSection
	GlobalSection(SolutionProperties) = preSolution
		HideSolutionNode = FALSE
	EndGlobalSection
	GlobalSection(ExtensibilityGlobals) = postSolution
		SolutionGuid = {13B290C7-8F54-4CEB-8855-F55104BE1DD4}
	EndGlobalSection
EndGlobal
